Microsoft Visual Studio Solution File, Format Version 12.00
# Visual Studio 2012
Project("{FAE04EC0-301F-11D3-BF4B-00C04F79EFBC}") = "ChangeNodePlugin", "ChangeNodePlugin.csproj", "{EA67E300-ABCB-45B0-86E8-52979CF79F6E}"
EndProject
Global
	GlobalSection(SolutionConfigurationPlatforms) = preSolution
	Debug|Any CPU = Debug|Any CPU
	ExportDebug|Any CPU = ExportDebug|Any CPU
	ExportRelease|Any CPU = ExportRelease|Any CPU
	EndGlobalSection
	GlobalSection(ProjectConfigurationPlatforms) = postSolution
		{EA67E300-ABCB-45B0-86E8-52979CF79F6E}.Debug|Any CPU.ActiveCfg = Debug|Any CPU
		{EA67E300-ABCB-45B0-86E8-52979CF79F6E}.Debug|Any CPU.Build.0 = Debug|Any CPU
		{EA67E300-ABCB-45B0-86E8-52979CF79F6E}.ExportDebug|Any CPU.ActiveCfg = ExportDebug|Any CPU
		{EA67E300-ABCB-45B0-86E8-52979CF79F6E}.ExportDebug|Any CPU.Build.0 = ExportDebug|Any CPU
		{EA67E300-ABCB-45B0-86E8-52979CF79F6E}.ExportRelease|Any CPU.ActiveCfg = ExportRelease|Any CPU
		{EA67E300-ABCB-45B0-86E8-52979CF79F6E}.ExportRelease|Any CPU.Build.0 = ExportRelease|Any CPU
	EndGlobalSection
EndGlobal
